
Microsoft Visual Studio Solution File, Format Version 12.00
# Visual Studio Version 17
VisualStudioVersion = 17.11.35312.102
MinimumVisualStudioVersion = 10.0.40219.1
Project("{FAE04EC0-301F-11D3-BF4B-00C04F79EFBC}") = "DLMS_Communication", "DLMS_Communication.csproj", "{AEED9984-922B-4037-B8C1-25126CB66878}"
EndProject
Global
	GlobalSection(SolutionConfigurationPlatforms) = preSolution
		Debug|Any CPU = Debug|Any CPU
		Release|Any CPU = Release|Any CPU
	EndGlobalSection
	GlobalSection(ProjectConfigurationPlatforms) = postSolution
		{AEED9984-922B-4037-B8C1-25126CB66878}.Debug|Any CPU.ActiveCfg = Debug|Any CPU
		{AEED9984-922B-4037-B8C1-25126CB66878}.Debug|Any CPU.Build.0 = Debug|Any CPU
		{AEED9984-922B-4037-B8C1-25126CB66878}.Release|Any CPU.ActiveCfg = Release|Any CPU
		{AEED9984-922B-4037-B8C1-25126CB66878}.Release|Any CPU.Build.0 = Release|Any CPU
	EndGlobalSection
	GlobalSection(SolutionProperties) = preSolution
		HideSolutionNode = FALSE
	EndGlobalSection
	GlobalSection(ExtensibilityGlobals) = postSolution
		SolutionGuid = {2B644FBE-BD92-48E0-8E40-900210104A80}
	EndGlobalSection
EndGlobal
